
Microsoft Visual Studio Solution File, Format Version 12.00
# Visual Studio Version 17
VisualStudioVersion = 17.4.33122.133
MinimumVisualStudioVersion = 10.0.40219.1
Project("{FAE04EC0-301F-11D3-BF4B-00C04F79EFBC}") = "SnakeAndLadderProblem", "SnakeAndLadderProblem\SnakeAndLadderProblem.csproj", "{C4065CE3-F923-460B-B940-3AE8702A3FA1}"
EndProject
Global
	GlobalSection(SolutionConfigurationPlatforms) = preSolution
		Debug|Any CPU = Debug|Any CPU
		Release|Any CPU = Release|Any CPU
	EndGlobalSection
	GlobalSection(ProjectConfigurationPlatforms) = postSolution
		{C4065CE3-F923-460B-B940-3AE8702A3FA1}.Debug|Any CPU.ActiveCfg = Debug|Any CPU
		{C4065CE3-F923-460B-B940-3AE8702A3FA1}.Debug|Any CPU.Build.0 = Debug|Any CPU
		{C4065CE3-F923-460B-B940-3AE8702A3FA1}.Release|Any CPU.ActiveCfg = Release|Any CPU
		{C4065CE3-F923-460B-B940-3AE8702A3FA1}.Release|Any CPU.Build.0 = Release|Any CPU
	EndGlobalSection
	GlobalSection(SolutionProperties) = preSolution
		HideSolutionNode = FALSE
	EndGlobalSection
	GlobalSection(ExtensibilityGlobals) = postSolution
		SolutionGuid = {803EE2AF-2E85-4ACA-9956-83D3C18D3203}
	EndGlobalSection
EndGlobal
